{
  "name": "@liquid-labs/catalyst-persons-api",
  "version": "0.0.1",
  "lockfileVersion": 1,
  "requires": true,
  "dependencies": {
    "@liquid-labs/catalyst-core-api": {
      "version": "file:liquid-labs-catalyst-core-api-0.0.4.tgz",
      "integrity": "sha512-VR9gZRLCNWBemS5im55wt3OoITzl4M8oZ2irMvzWYI+DjHoNu+oA8TfbJgo+t7fQ1Onc7zpt/wJNqPDJtGOM/Q==",
      "dev": true
    }
  }
}
